// !$*UTF8*$!
{
	archiveVersion = 1;
	classes = {
	};
	objectVersion = 77;
	objects = {

/* Begin PBXBuildFile section */
		088D61D20C7A299C3BC4A76A /* OutputView.swift in Sources */ = {isa = PBXBuildFile; fileRef = A417EBE5FE2C24A7901D93AC /* OutputView.swift */; };
		0A3C1DE1D9CDE2CC78251E13 /* RelativeTimeFormatter.swift in Sources */ = {isa = PBXBuildFile; fileRef = 8D71188B94EFD230FE775743 /* RelativeTimeFormatter.swift */; };
		0F1F660D2B4A182E1E3169B2 /* TemplateCardSelector.swift in Sources */ = {isa = PBXBuildFile; fileRef = BF8B273EB4CF3458C4D5CA42 /* TemplateCardSelector.swift */; };
		0F573C658D0AB1404C87B4A0 /* AIStreamingService.swift in Sources */ = {isa = PBXBuildFile; fileRef = BF8ECF4864418353FFA32F76 /* AIStreamingService.swift */; };
		15858C3F1AB10F4F74271C7A /* HistoryView.swift in Sources */ = {isa = PBXBuildFile; fileRef = C50985CFE60C253565B730BA /* HistoryView.swift */; };
		19843D9C2704F2FD26CBD877 /* MainContentView.swift in Sources */ = {isa = PBXBuildFile; fileRef = 557E60AAF4EF3187E37B0D0F /* MainContentView.swift */; };
		19B19F9912CA17D3A8556FE0 /* ChatInputBar.swift in Sources */ = {isa = PBXBuildFile; fileRef = 83B7BCE8B00559E6B2603BA6 /* ChatInputBar.swift */; };
		1B471DE503CDDF3158FC57FC /* Template.swift in Sources */ = {isa = PBXBuildFile; fileRef = 5EA1723DCC649D6B7B364C06 /* Template.swift */; };
		2455B0AEB51250334CE91732 /* Assets.xcassets in Resources */ = {isa = PBXBuildFile; fileRef = 3BB39DA34DF5673D58E38ADA /* Assets.xcassets */; };
		26B34F416E949E240E785A6F /* DatabaseManager.swift in Sources */ = {isa = PBXBuildFile; fileRef = 75D8A5E48F9423D6004B79D4 /* DatabaseManager.swift */; };
		2CAE4E4D0588FCA374580C29 /* WindowManager.swift in Sources */ = {isa = PBXBuildFile; fileRef = 1717F7CBE1930FD3A3DFDDD9 /* WindowManager.swift */; };
		2F01E7D2ADB1839A9B140C5B /* ProviderFormView.swift in Sources */ = {isa = PBXBuildFile; fileRef = EC71785DD7378D5AA2A2AA22 /* ProviderFormView.swift */; };
		391B9EC4F5E59E6D8C93B8FD /* VisualEffectView.swift in Sources */ = {isa = PBXBuildFile; fileRef = B28F2AA02A898CD3EAC55F3F /* VisualEffectView.swift */; };
		3F8B8EB15B0DDF4795904336 /* ContentTypeDetector.swift in Sources */ = {isa = PBXBuildFile; fileRef = A858258EDC95A84695EBD1FF /* ContentTypeDetector.swift */; };
		43E42CC433FBDE754F366883 /* ClipItem.swift in Sources */ = {isa = PBXBuildFile; fileRef = 69FD8B302C409674D2BAF440 /* ClipItem.swift */; };
		4C5BED164CA581F516DBBFAF /* GRDB in Frameworks */ = {isa = PBXBuildFile; productRef = EDB05E29E821F2402C391A41 /* GRDB */; };
		57B12CC915A5252DB6E8C0BB /* Constants.swift in Sources */ = {isa = PBXBuildFile; fileRef = 22CB03752EE926D04E78EC62 /* Constants.swift */; };
		5F5780FC605F8AE1965C75DD /* ImagePreviewOverlay.swift in Sources */ = {isa = PBXBuildFile; fileRef = 3B97FBE2CA150DCE37B9B4CF /* ImagePreviewOverlay.swift */; };
		5FCFA51B9FF528D56F8C0878 /* TemplateRepository.swift in Sources */ = {isa = PBXBuildFile; fileRef = E723DF4BB768C8763FA67CA5 /* TemplateRepository.swift */; };
		64A4DBD9481E960929039C0E /* TypeFilterBar.swift in Sources */ = {isa = PBXBuildFile; fileRef = 8F24222047A9EAE2B8318D07 /* TypeFilterBar.swift */; };
		6703AC6C07084F004EDBC96B /* ProviderRepository.swift in Sources */ = {isa = PBXBuildFile; fileRef = 1EFD07FDEC83AEA238969FB6 /* ProviderRepository.swift */; };
		6AFEE288C6533560B484FAB0 /* PasteGoApp.swift in Sources */ = {isa = PBXBuildFile; fileRef = CDF45E956C68AF0DB097EFB1 /* PasteGoApp.swift */; };
		6E18139D295EA4268609315B /* PasteService.swift in Sources */ = {isa = PBXBuildFile; fileRef = 562DF869516CF757D7AEA1D6 /* PasteService.swift */; };
		73DDF417B07518871D3F4325 /* SelectionBar.swift in Sources */ = {isa = PBXBuildFile; fileRef = 520D8D66EEDB1E8A3C3D1022 /* SelectionBar.swift */; };
		795B5A49A3067AF36B255346 /* ClipboardMonitor.swift in Sources */ = {isa = PBXBuildFile; fileRef = 8467AE725952A448383C4B6B /* ClipboardMonitor.swift */; };
		86704DDD157C5635EB981124 /* SettingsViewModel.swift in Sources */ = {isa = PBXBuildFile; fileRef = 06C82B0CD656AABEB9C83AFB /* SettingsViewModel.swift */; };
		937F922AA92B572F5BE4E6E8 /* AiProvider.swift in Sources */ = {isa = PBXBuildFile; fileRef = FF4A1AA5A2A1F93A3D024F30 /* AiProvider.swift */; };
		94A34117ADB6D6BB0408FF4F /* SearchBarView.swift in Sources */ = {isa = PBXBuildFile; fileRef = 4E9C64C23DE268E338BF0EEA /* SearchBarView.swift */; };
		987D5B604C03482EF1CCE925 /* ClipRepository.swift in Sources */ = {isa = PBXBuildFile; fileRef = B6BD851DBF1C64FC1EF1DACB /* ClipRepository.swift */; };
		9A92850B6FD929716713D129 /* ClipItemRow.swift in Sources */ = {isa = PBXBuildFile; fileRef = E79164858B5555FEA88A581C /* ClipItemRow.swift */; };
		AD642838BF14A5762FA37B90 /* TemplateFormView.swift in Sources */ = {isa = PBXBuildFile; fileRef = 0E77FF66973D4D54CC4D08D8 /* TemplateFormView.swift */; };
		BC3F930CFA53587728EBFB5E /* FloatingPanel.swift in Sources */ = {isa = PBXBuildFile; fileRef = 4AFD8FBB1C76F5CAE0311A2D /* FloatingPanel.swift */; };
		CA864A05398660AFA0ACE3F1 /* AppDelegate.swift in Sources */ = {isa = PBXBuildFile; fileRef = 7A5CB85A816FB88899DB71F9 /* AppDelegate.swift */; };
		D00408AACB46C44F90CB12BD /* MarkdownUI in Frameworks */ = {isa = PBXBuildFile; productRef = E842860F2C3E4843F60BB9CD /* MarkdownUI */; };
		D46FF4932B092A8F595EF443 /* SettingsView.swift in Sources */ = {isa = PBXBuildFile; fileRef = EDD6CA592A2957E73DBE97A2 /* SettingsView.swift */; };
		D898FE3C3BD71A9A89C3BF6A /* GenerateViewModel.swift in Sources */ = {isa = PBXBuildFile; fileRef = 310CC4EC9083531F4C5F16FB /* GenerateViewModel.swift */; };
		DC1AE5D98352187082A20FA1 /* ClipboardViewModel.swift in Sources */ = {isa = PBXBuildFile; fileRef = 524EFDBF81016029CCC8F3BC /* ClipboardViewModel.swift */; };
		DCA57E2AD972EB5B292B56EA /* HotKey in Frameworks */ = {isa = PBXBuildFile; productRef = 7F5F078766DAB47A0BDFB6FD /* HotKey */; };
		DFAE844D64B7FC4DDCF2C59D /* GenerateView.swift in Sources */ = {isa = PBXBuildFile; fileRef = 4692DC77627CC450995687D5 /* GenerateView.swift */; };
		F5F5E80283C3347291337DFD /* HotkeyManager.swift in Sources */ = {isa = PBXBuildFile; fileRef = 855799CB59F37BF142AC05D5 /* HotkeyManager.swift */; };
		FD99110F3DD1A33BFF236AD2 /* KeyboardShortcuts in Frameworks */ = {isa = PBXBuildFile; productRef = 8AB17777934C545CA1D73FB1 /* KeyboardShortcuts */; };
		EE5F6A7B8C9D0E1F2A3B4C5D /* AppViewModel.swift in Sources */ = {isa = PBXBuildFile; fileRef = AA1B2C3D4E5F6A7B8C9D0E1F /* AppViewModel.swift */; };
		FF6A7B8C9D0E1F2A3B4C5D6E /* AccessibilitySelectionReader.swift in Sources */ = {isa = PBXBuildFile; fileRef = BB2C3D4E5F6A7B8C9D0E1F2A /* AccessibilitySelectionReader.swift */; };
		117B8C9D0E1F2A3B4C5D6E7F /* PasteboardSnapshot.swift in Sources */ = {isa = PBXBuildFile; fileRef = CC3D4E5F6A7B8C9D0E1F2A3B /* PasteboardSnapshot.swift */; };
		228C9D0E1F2A3B4C5D6E7F80 /* BrandAssets.swift in Sources */ = {isa = PBXBuildFile; fileRef = DD4E5F6A7B8C9D0E1F2A3B4C /* BrandAssets.swift */; };
		AABB0011223344556677CC01 /* brandmark.png in Resources */ = {isa = PBXBuildFile; fileRef = AABB001122334455667788AA /* brandmark.png */; };
		AABB0011223344556677CC02 /* menubar-template.png in Resources */ = {isa = PBXBuildFile; fileRef = AABB001122334455667788BB /* menubar-template.png */; };
		AABB0011223344556677CC03 /* menubar-template.pdf in Resources */ = {isa = PBXBuildFile; fileRef = AABB001122334455667788CC /* menubar-template.pdf */; };
/* End PBXBuildFile section */

/* Begin PBXFileReference section */
		06C82B0CD656AABEB9C83AFB /* SettingsViewModel.swift */ = {isa = PBXFileReference; lastKnownFileType = sourcecode.swift; path = SettingsViewModel.swift; sourceTree = "<group>"; };
		0E77FF66973D4D54CC4D08D8 /* TemplateFormView.swift */ = {isa = PBXFileReference; lastKnownFileType = sourcecode.swift; path = TemplateFormView.swift; sourceTree = "<group>"; };
		1717F7CBE1930FD3A3DFDDD9 /* WindowManager.swift */ = {isa = PBXFileReference; lastKnownFileType = sourcecode.swift; path = WindowManager.swift; sourceTree = "<group>"; };
		1EFD07FDEC83AEA238969FB6 /* ProviderRepository.swift */ = {isa = PBXFileReference; lastKnownFileType = sourcecode.swift; path = ProviderRepository.swift; sourceTree = "<group>"; };
		22CB03752EE926D04E78EC62 /* Constants.swift */ = {isa = PBXFileReference; lastKnownFileType = sourcecode.swift; path = Constants.swift; sourceTree = "<group>"; };
		310CC4EC9083531F4C5F16FB /* GenerateViewModel.swift */ = {isa = PBXFileReference; lastKnownFileType = sourcecode.swift; path = GenerateViewModel.swift; sourceTree = "<group>"; };
		3B97FBE2CA150DCE37B9B4CF /* ImagePreviewOverlay.swift */ = {isa = PBXFileReference; lastKnownFileType = sourcecode.swift; path = ImagePreviewOverlay.swift; sourceTree = "<group>"; };
		3BB39DA34DF5673D58E38ADA /* Assets.xcassets */ = {isa = PBXFileReference; lastKnownFileType = folder.assetcatalog; path = Assets.xcassets; sourceTree = "<group>"; };
		4692DC77627CC450995687D5 /* GenerateView.swift */ = {isa = PBXFileReference; lastKnownFileType = sourcecode.swift; path = GenerateView.swift; sourceTree = "<group>"; };
		4AFD8FBB1C76F5CAE0311A2D /* FloatingPanel.swift */ = {isa = PBXFileReference; lastKnownFileType = sourcecode.swift; path = FloatingPanel.swift; sourceTree = "<group>"; };
		4E9C64C23DE268E338BF0EEA /* SearchBarView.swift */ = {isa = PBXFileReference; lastKnownFileType = sourcecode.swift; path = SearchBarView.swift; sourceTree = "<group>"; };
		520D8D66EEDB1E8A3C3D1022 /* SelectionBar.swift */ = {isa = PBXFileReference; lastKnownFileType = sourcecode.swift; path = SelectionBar.swift; sourceTree = "<group>"; };
		524EFDBF81016029CCC8F3BC /* ClipboardViewModel.swift */ = {isa = PBXFileReference; lastKnownFileType = sourcecode.swift; path = ClipboardViewModel.swift; sourceTree = "<group>"; };
		557E60AAF4EF3187E37B0D0F /* MainContentView.swift */ = {isa = PBXFileReference; lastKnownFileType = sourcecode.swift; path = MainContentView.swift; sourceTree = "<group>"; };
		562DF869516CF757D7AEA1D6 /* PasteService.swift */ = {isa = PBXFileReference; lastKnownFileType = sourcecode.swift; path = PasteService.swift; sourceTree = "<group>"; };
		5EA1723DCC649D6B7B364C06 /* Template.swift */ = {isa = PBXFileReference; lastKnownFileType = sourcecode.swift; path = Template.swift; sourceTree = "<group>"; };
		69FD8B302C409674D2BAF440 /* ClipItem.swift */ = {isa = PBXFileReference; lastKnownFileType = sourcecode.swift; path = ClipItem.swift; sourceTree = "<group>"; };
		7238378A0B286C43DEF8CF7E /* PasteGo.app */ = {isa = PBXFileReference; explicitFileType = wrapper.application; includeInIndex = 0; path = PasteGo.app; sourceTree = BUILT_PRODUCTS_DIR; };
		75D8A5E48F9423D6004B79D4 /* DatabaseManager.swift */ = {isa = PBXFileReference; lastKnownFileType = sourcecode.swift; path = DatabaseManager.swift; sourceTree = "<group>"; };
		7A5CB85A816FB88899DB71F9 /* AppDelegate.swift */ = {isa = PBXFileReference; lastKnownFileType = sourcecode.swift; path = AppDelegate.swift; sourceTree = "<group>"; };
		83B7BCE8B00559E6B2603BA6 /* ChatInputBar.swift */ = {isa = PBXFileReference; lastKnownFileType = sourcecode.swift; path = ChatInputBar.swift; sourceTree = "<group>"; };
		8467AE725952A448383C4B6B /* ClipboardMonitor.swift */ = {isa = PBXFileReference; lastKnownFileType = sourcecode.swift; path = ClipboardMonitor.swift; sourceTree = "<group>"; };
		855799CB59F37BF142AC05D5 /* HotkeyManager.swift */ = {isa = PBXFileReference; lastKnownFileType = sourcecode.swift; path = HotkeyManager.swift; sourceTree = "<group>"; };
		8D71188B94EFD230FE775743 /* RelativeTimeFormatter.swift */ = {isa = PBXFileReference; lastKnownFileType = sourcecode.swift; path = RelativeTimeFormatter.swift; sourceTree = "<group>"; };
		8F24222047A9EAE2B8318D07 /* TypeFilterBar.swift */ = {isa = PBXFileReference; lastKnownFileType = sourcecode.swift; path = TypeFilterBar.swift; sourceTree = "<group>"; };
		A417EBE5FE2C24A7901D93AC /* OutputView.swift */ = {isa = PBXFileReference; lastKnownFileType = sourcecode.swift; path = OutputView.swift; sourceTree = "<group>"; };
		A858258EDC95A84695EBD1FF /* ContentTypeDetector.swift */ = {isa = PBXFileReference; lastKnownFileType = sourcecode.swift; path = ContentTypeDetector.swift; sourceTree = "<group>"; };
		B28F2AA02A898CD3EAC55F3F /* VisualEffectView.swift */ = {isa = PBXFileReference; lastKnownFileType = sourcecode.swift; path = VisualEffectView.swift; sourceTree = "<group>"; };
		B6BD851DBF1C64FC1EF1DACB /* ClipRepository.swift */ = {isa = PBXFileReference; lastKnownFileType = sourcecode.swift; path = ClipRepository.swift; sourceTree = "<group>"; };
		BF8B273EB4CF3458C4D5CA42 /* TemplateCardSelector.swift */ = {isa = PBXFileReference; lastKnownFileType = sourcecode.swift; path = TemplateCardSelector.swift; sourceTree = "<group>"; };
		BF8ECF4864418353FFA32F76 /* AIStreamingService.swift */ = {isa = PBXFileReference; lastKnownFileType = sourcecode.swift; path = AIStreamingService.swift; sourceTree = "<group>"; };
		C50985CFE60C253565B730BA /* HistoryView.swift */ = {isa = PBXFileReference; lastKnownFileType = sourcecode.swift; path = HistoryView.swift; sourceTree = "<group>"; };
		CAB507C6C5EDC86321AA63F7 /* PasteGo.entitlements */ = {isa = PBXFileReference; lastKnownFileType = text.plist.entitlements; path = PasteGo.entitlements; sourceTree = "<group>"; };
		CDF45E956C68AF0DB097EFB1 /* PasteGoApp.swift */ = {isa = PBXFileReference; lastKnownFileType = sourcecode.swift; path = PasteGoApp.swift; sourceTree = "<group>"; };
		E723DF4BB768C8763FA67CA5 /* TemplateRepository.swift */ = {isa = PBXFileReference; lastKnownFileType = sourcecode.swift; path = TemplateRepository.swift; sourceTree = "<group>"; };
		E79164858B5555FEA88A581C /* ClipItemRow.swift */ = {isa = PBXFileReference; lastKnownFileType = sourcecode.swift; path = ClipItemRow.swift; sourceTree = "<group>"; };
		EC71785DD7378D5AA2A2AA22 /* ProviderFormView.swift */ = {isa = PBXFileReference; lastKnownFileType = sourcecode.swift; path = ProviderFormView.swift; sourceTree = "<group>"; };
		EDD6CA592A2957E73DBE97A2 /* SettingsView.swift */ = {isa = PBXFileReference; lastKnownFileType = sourcecode.swift; path = SettingsView.swift; sourceTree = "<group>"; };
		F5339F5A2ADAA63CABDFCF9E /* Info.plist */ = {isa = PBXFileReference; lastKnownFileType = text.plist; path = Info.plist; sourceTree = "<group>"; };
		FF4A1AA5A2A1F93A3D024F30 /* AiProvider.swift */ = {isa = PBXFileReference; lastKnownFileType = sourcecode.swift; path = AiProvider.swift; sourceTree = "<group>"; };
		AA1B2C3D4E5F6A7B8C9D0E1F /* AppViewModel.swift */ = {isa = PBXFileReference; lastKnownFileType = sourcecode.swift; path = AppViewModel.swift; sourceTree = "<group>"; };
		BB2C3D4E5F6A7B8C9D0E1F2A /* AccessibilitySelectionReader.swift */ = {isa = PBXFileReference; lastKnownFileType = sourcecode.swift; path = AccessibilitySelectionReader.swift; sourceTree = "<group>"; };
		CC3D4E5F6A7B8C9D0E1F2A3B /* PasteboardSnapshot.swift */ = {isa = PBXFileReference; lastKnownFileType = sourcecode.swift; path = PasteboardSnapshot.swift; sourceTree = "<group>"; };
		DD4E5F6A7B8C9D0E1F2A3B4C /* BrandAssets.swift */ = {isa = PBXFileReference; lastKnownFileType = sourcecode.swift; path = BrandAssets.swift; sourceTree = "<group>"; };
		AABB001122334455667788AA /* brandmark.png */ = {isa = PBXFileReference; lastKnownFileType = image.png; path = brandmark.png; sourceTree = "<group>"; };
		AABB001122334455667788BB /* menubar-template.png */ = {isa = PBXFileReference; lastKnownFileType = image.png; path = "menubar-template.png"; sourceTree = "<group>"; };
		AABB001122334455667788CC /* menubar-template.pdf */ = {isa = PBXFileReference; lastKnownFileType = image.pdf; path = "menubar-template.pdf"; sourceTree = "<group>"; };
/* End PBXFileReference section */

/* Begin PBXFrameworksBuildPhase section */
		FD88436CE1791229799DB040 /* Frameworks */ = {
			isa = PBXFrameworksBuildPhase;
			buildActionMask = 2147483647;
			files = (
				4C5BED164CA581F516DBBFAF /* GRDB in Frameworks */,
				DCA57E2AD972EB5B292B56EA /* HotKey in Frameworks */,
				FD99110F3DD1A33BFF236AD2 /* KeyboardShortcuts in Frameworks */,
				D00408AACB46C44F90CB12BD /* MarkdownUI in Frameworks */,
			);
			runOnlyForDeploymentPostprocessing = 0;
		};
/* End PBXFrameworksBuildPhase section */

/* Begin PBXGroup section */
		0E326E098B27E6FADA033E0B /* ViewModels */ = {
			isa = PBXGroup;
			children = (
				AA1B2C3D4E5F6A7B8C9D0E1F /* AppViewModel.swift */,
				524EFDBF81016029CCC8F3BC /* ClipboardViewModel.swift */,
				310CC4EC9083531F4C5F16FB /* GenerateViewModel.swift */,
				06C82B0CD656AABEB9C83AFB /* SettingsViewModel.swift */,
			);
			path = ViewModels;
			sourceTree = "<group>";
		};
		33977209207F706099A2B178 /* Generate */ = {
			isa = PBXGroup;
			children = (
				83B7BCE8B00559E6B2603BA6 /* ChatInputBar.swift */,
				4692DC77627CC450995687D5 /* GenerateView.swift */,
				A417EBE5FE2C24A7901D93AC /* OutputView.swift */,
				BF8B273EB4CF3458C4D5CA42 /* TemplateCardSelector.swift */,
			);
			path = Generate;
			sourceTree = "<group>";
		};
		4CB054CC4855B6E2418FD671 /* Shared */ = {
			isa = PBXGroup;
			children = (
				B28F2AA02A898CD3EAC55F3F /* VisualEffectView.swift */,
			);
			path = Shared;
			sourceTree = "<group>";
		};
		7008A78E2924AB7C1072637C /* Products */ = {
			isa = PBXGroup;
			children = (
				7238378A0B286C43DEF8CF7E /* PasteGo.app */,
			);
			name = Products;
			sourceTree = "<group>";
		};
		849F7CD3320170C764C596BD /* History */ = {
			isa = PBXGroup;
			children = (
				E79164858B5555FEA88A581C /* ClipItemRow.swift */,
				C50985CFE60C253565B730BA /* HistoryView.swift */,
				3B97FBE2CA150DCE37B9B4CF /* ImagePreviewOverlay.swift */,
				4E9C64C23DE268E338BF0EEA /* SearchBarView.swift */,
				520D8D66EEDB1E8A3C3D1022 /* SelectionBar.swift */,
				8F24222047A9EAE2B8318D07 /* TypeFilterBar.swift */,
			);
			path = History;
			sourceTree = "<group>";
		};
		AABB001122334455667700RR /* Resources */ = {
			isa = PBXGroup;
			children = (
				AABB001122334455667788AA /* brandmark.png */,
				AABB001122334455667788BB /* menubar-template.png */,
				AABB001122334455667788CC /* menubar-template.pdf */,
			);
			path = Resources;
			sourceTree = "<group>";
		};
		8505265AC3D886A8EAFB63B2 /* PasteGo */ = {
			isa = PBXGroup;
			children = (
				7A5CB85A816FB88899DB71F9 /* AppDelegate.swift */,
				3BB39DA34DF5673D58E38ADA /* Assets.xcassets */,
				4AFD8FBB1C76F5CAE0311A2D /* FloatingPanel.swift */,
				F5339F5A2ADAA63CABDFCF9E /* Info.plist */,
				CAB507C6C5EDC86321AA63F7 /* PasteGo.entitlements */,
				CDF45E956C68AF0DB097EFB1 /* PasteGoApp.swift */,
				F7530504C5355B8FB053E197 /* Database */,
				BDF1212A79FECAB2DB82566E /* Models */,
				AABB001122334455667700RR /* Resources */,
				F52D04DAEEC682AEA895C994 /* Services */,
				F546A28371294C66B35626CF /* Utilities */,
				0E326E098B27E6FADA033E0B /* ViewModels */,
				BA834851BB79F11964154E59 /* Views */,
			);
			path = PasteGo;
			sourceTree = "<group>";
		};
		BA834851BB79F11964154E59 /* Views */ = {
			isa = PBXGroup;
			children = (
				557E60AAF4EF3187E37B0D0F /* MainContentView.swift */,
				33977209207F706099A2B178 /* Generate */,
				849F7CD3320170C764C596BD /* History */,
				F7F8DE531E684CB198B43B2A /* Settings */,
				4CB054CC4855B6E2418FD671 /* Shared */,
			);
			path = Views;
			sourceTree = "<group>";
		};
		BDF1212A79FECAB2DB82566E /* Models */ = {
			isa = PBXGroup;
			children = (
				FF4A1AA5A2A1F93A3D024F30 /* AiProvider.swift */,
				69FD8B302C409674D2BAF440 /* ClipItem.swift */,
				5EA1723DCC649D6B7B364C06 /* Template.swift */,
			);
			path = Models;
			sourceTree = "<group>";
		};
		EB4FA8BB6E5BA0F00DD0B30E = {
			isa = PBXGroup;
			children = (
				8505265AC3D886A8EAFB63B2 /* PasteGo */,
				7008A78E2924AB7C1072637C /* Products */,
			);
			sourceTree = "<group>";
		};
		F52D04DAEEC682AEA895C994 /* Services */ = {
			isa = PBXGroup;
			children = (
				BB2C3D4E5F6A7B8C9D0E1F2A /* AccessibilitySelectionReader.swift */,
				BF8ECF4864418353FFA32F76 /* AIStreamingService.swift */,
				8467AE725952A448383C4B6B /* ClipboardMonitor.swift */,
				855799CB59F37BF142AC05D5 /* HotkeyManager.swift */,
				CC3D4E5F6A7B8C9D0E1F2A3B /* PasteboardSnapshot.swift */,
				562DF869516CF757D7AEA1D6 /* PasteService.swift */,
				1717F7CBE1930FD3A3DFDDD9 /* WindowManager.swift */,
			);
			path = Services;
			sourceTree = "<group>";
		};
		F546A28371294C66B35626CF /* Utilities */ = {
			isa = PBXGroup;
			children = (
				DD4E5F6A7B8C9D0E1F2A3B4C /* BrandAssets.swift */,
				22CB03752EE926D04E78EC62 /* Constants.swift */,
				A858258EDC95A84695EBD1FF /* ContentTypeDetector.swift */,
				8D71188B94EFD230FE775743 /* RelativeTimeFormatter.swift */,
			);
			path = Utilities;
			sourceTree = "<group>";
		};
		F7530504C5355B8FB053E197 /* Database */ = {
			isa = PBXGroup;
			children = (
				B6BD851DBF1C64FC1EF1DACB /* ClipRepository.swift */,
				75D8A5E48F9423D6004B79D4 /* DatabaseManager.swift */,
				1EFD07FDEC83AEA238969FB6 /* ProviderRepository.swift */,
				E723DF4BB768C8763FA67CA5 /* TemplateRepository.swift */,
			);
			path = Database;
			sourceTree = "<group>";
		};
		F7F8DE531E684CB198B43B2A /* Settings */ = {
			isa = PBXGroup;
			children = (
				EC71785DD7378D5AA2A2AA22 /* ProviderFormView.swift */,
				EDD6CA592A2957E73DBE97A2 /* SettingsView.swift */,
				0E77FF66973D4D54CC4D08D8 /* TemplateFormView.swift */,
			);
			path = Settings;
			sourceTree = "<group>";
		};
/* End PBXGroup section */

/* Begin PBXNativeTarget section */
		3D0EB2A583D026A46F1BE932 /* PasteGo */ = {
			isa = PBXNativeTarget;
			buildConfigurationList = 6EDE724E9F6FC28A56A34F8B /* Build configuration list for PBXNativeTarget "PasteGo" */;
			buildPhases = (
				B2F0777572519966B1D2030D /* Sources */,
				E140FB69CE7A0E04A5AA0604 /* Resources */,
				FD88436CE1791229799DB040 /* Frameworks */,
			);
			buildRules = (
			);
			dependencies = (
			);
			name = PasteGo;
			packageProductDependencies = (
				EDB05E29E821F2402C391A41 /* GRDB */,
				7F5F078766DAB47A0BDFB6FD /* HotKey */,
				8AB17777934C545CA1D73FB1 /* KeyboardShortcuts */,
				E842860F2C3E4843F60BB9CD /* MarkdownUI */,
			);
			productName = PasteGo;
			productReference = 7238378A0B286C43DEF8CF7E /* PasteGo.app */;
			productType = "com.apple.product-type.application";
		};
/* End PBXNativeTarget section */

/* Begin PBXProject section */
		C40A0F4AE9897450E568056B /* Project object */ = {
			isa = PBXProject;
			attributes = {
				BuildIndependentTargetsInParallel = YES;
				LastUpgradeCheck = 1600;
				TargetAttributes = {
				};
			};
			buildConfigurationList = C56A63A65C50CF965F2C1FE7 /* Build configuration list for PBXProject "PasteGo" */;
			developmentRegion = en;
			hasScannedForEncodings = 0;
			knownRegions = (
				Base,
				en,
			);
			mainGroup = EB4FA8BB6E5BA0F00DD0B30E;
			minimizedProjectReferenceProxies = 1;
			packageReferences = (
				0FA25E80DE39BF564731EF5F /* XCRemoteSwiftPackageReference "GRDB.swift" */,
				C8859521997961A0D4FFF5C0 /* XCRemoteSwiftPackageReference "HotKey" */,
				9D96C714092692D83C1E5053 /* XCRemoteSwiftPackageReference "KeyboardShortcuts" */,
				9088EF078591F417D4A5EA86 /* XCRemoteSwiftPackageReference "swift-markdown-ui" */,
			);
			preferredProjectObjectVersion = 77;
			productRefGroup = 7008A78E2924AB7C1072637C /* Products */;
			projectDirPath = "";
			projectRoot = "";
			targets = (
				3D0EB2A583D026A46F1BE932 /* PasteGo */,
			);
		};
/* End PBXProject section */

/* Begin PBXResourcesBuildPhase section */
		E140FB69CE7A0E04A5AA0604 /* Resources */ = {
			isa = PBXResourcesBuildPhase;
			buildActionMask = 2147483647;
			files = (
				2455B0AEB51250334CE91732 /* Assets.xcassets in Resources */,
				AABB0011223344556677CC01 /* brandmark.png in Resources */,
				AABB0011223344556677CC02 /* menubar-template.png in Resources */,
				AABB0011223344556677CC03 /* menubar-template.pdf in Resources */,
			);
			runOnlyForDeploymentPostprocessing = 0;
		};
/* End PBXResourcesBuildPhase section */

/* Begin PBXSourcesBuildPhase section */
		B2F0777572519966B1D2030D /* Sources */ = {
			isa = PBXSourcesBuildPhase;
			buildActionMask = 2147483647;
			files = (
				FF6A7B8C9D0E1F2A3B4C5D6E /* AccessibilitySelectionReader.swift in Sources */,
				0F573C658D0AB1404C87B4A0 /* AIStreamingService.swift in Sources */,
				937F922AA92B572F5BE4E6E8 /* AiProvider.swift in Sources */,
				CA864A05398660AFA0ACE3F1 /* AppDelegate.swift in Sources */,
				EE5F6A7B8C9D0E1F2A3B4C5D /* AppViewModel.swift in Sources */,
				228C9D0E1F2A3B4C5D6E7F80 /* BrandAssets.swift in Sources */,
				19B19F9912CA17D3A8556FE0 /* ChatInputBar.swift in Sources */,
				43E42CC433FBDE754F366883 /* ClipItem.swift in Sources */,
				9A92850B6FD929716713D129 /* ClipItemRow.swift in Sources */,
				987D5B604C03482EF1CCE925 /* ClipRepository.swift in Sources */,
				795B5A49A3067AF36B255346 /* ClipboardMonitor.swift in Sources */,
				DC1AE5D98352187082A20FA1 /* ClipboardViewModel.swift in Sources */,
				57B12CC915A5252DB6E8C0BB /* Constants.swift in Sources */,
				3F8B8EB15B0DDF4795904336 /* ContentTypeDetector.swift in Sources */,
				26B34F416E949E240E785A6F /* DatabaseManager.swift in Sources */,
				BC3F930CFA53587728EBFB5E /* FloatingPanel.swift in Sources */,
				DFAE844D64B7FC4DDCF2C59D /* GenerateView.swift in Sources */,
				D898FE3C3BD71A9A89C3BF6A /* GenerateViewModel.swift in Sources */,
				15858C3F1AB10F4F74271C7A /* HistoryView.swift in Sources */,
				F5F5E80283C3347291337DFD /* HotkeyManager.swift in Sources */,
				5F5780FC605F8AE1965C75DD /* ImagePreviewOverlay.swift in Sources */,
				19843D9C2704F2FD26CBD877 /* MainContentView.swift in Sources */,
				088D61D20C7A299C3BC4A76A /* OutputView.swift in Sources */,
				117B8C9D0E1F2A3B4C5D6E7F /* PasteboardSnapshot.swift in Sources */,
				6AFEE288C6533560B484FAB0 /* PasteGoApp.swift in Sources */,
				6E18139D295EA4268609315B /* PasteService.swift in Sources */,
				2F01E7D2ADB1839A9B140C5B /* ProviderFormView.swift in Sources */,
				6703AC6C07084F004EDBC96B /* ProviderRepository.swift in Sources */,
				0A3C1DE1D9CDE2CC78251E13 /* RelativeTimeFormatter.swift in Sources */,
				94A34117ADB6D6BB0408FF4F /* SearchBarView.swift in Sources */,
				73DDF417B07518871D3F4325 /* SelectionBar.swift in Sources */,
				D46FF4932B092A8F595EF443 /* SettingsView.swift in Sources */,
				86704DDD157C5635EB981124 /* SettingsViewModel.swift in Sources */,
				1B471DE503CDDF3158FC57FC /* Template.swift in Sources */,
				0F1F660D2B4A182E1E3169B2 /* TemplateCardSelector.swift in Sources */,
				AD642838BF14A5762FA37B90 /* TemplateFormView.swift in Sources */,
				5FCFA51B9FF528D56F8C0878 /* TemplateRepository.swift in Sources */,
				64A4DBD9481E960929039C0E /* TypeFilterBar.swift in Sources */,
				391B9EC4F5E59E6D8C93B8FD /* VisualEffectView.swift in Sources */,
				2CAE4E4D0588FCA374580C29 /* WindowManager.swift in Sources */,
			);
			runOnlyForDeploymentPostprocessing = 0;
		};
/* End PBXSourcesBuildPhase section */

/* Begin XCBuildConfiguration section */
		453FA7996B9ED12A570F172B /* Release */ = {
			isa = XCBuildConfiguration;
			buildSettings = {
				ASSETCATALOG_COMPILER_APPICON_NAME = AppIcon;
				CODE_SIGN_ENTITLEMENTS = PasteGo/PasteGo.entitlements;
				COMBINE_HIDPI_IMAGES = YES;
				GENERATE_INFOPLIST_FILE = NO;
				INFOPLIST_FILE = PasteGo/Info.plist;
				LD_RUNPATH_SEARCH_PATHS = (
					"$(inherited)",
					"@executable_path/../Frameworks",
				);
				PRODUCT_NAME = PasteGo;
				SDKROOT = macosx;
			};
			name = Release;
		};
		5502BA6AF2197856CF774DC2 /* Debug */ = {
			isa = XCBuildConfiguration;
			buildSettings = {
				ALWAYS_SEARCH_USER_PATHS = NO;
				CLANG_ANALYZER_NONNULL = YES;
				CLANG_ANALYZER_NUMBER_OBJECT_CONVERSION = YES_AGGRESSIVE;
				CLANG_CXX_LANGUAGE_STANDARD = "gnu++14";
				CLANG_CXX_LIBRARY = "libc++";
				CLANG_ENABLE_MODULES = YES;
				CLANG_ENABLE_OBJC_ARC = YES;
				CLANG_ENABLE_OBJC_WEAK = YES;
				CLANG_WARN_BLOCK_CAPTURE_AUTORELEASING = YES;
				CLANG_WARN_BOOL_CONVERSION = YES;
				CLANG_WARN_COMMA = YES;
				CLANG_WARN_CONSTANT_CONVERSION = YES;
				CLANG_WARN_DEPRECATED_OBJC_IMPLEMENTATIONS = YES;
				CLANG_WARN_DIRECT_OBJC_ISA_USAGE = YES_ERROR;
				CLANG_WARN_DOCUMENTATION_COMMENTS = YES;
				CLANG_WARN_EMPTY_BODY = YES;
				CLANG_WARN_ENUM_CONVERSION = YES;
				CLANG_WARN_INFINITE_RECURSION = YES;
				CLANG_WARN_INT_CONVERSION = YES;
				CLANG_WARN_NON_LITERAL_NULL_CONVERSION = YES;
				CLANG_WARN_OBJC_IMPLICIT_RETAIN_SELF = YES;
				CLANG_WARN_OBJC_LITERAL_CONVERSION = YES;
				CLANG_WARN_OBJC_ROOT_CLASS = YES_ERROR;
				CLANG_WARN_QUOTED_INCLUDE_IN_FRAMEWORK_HEADER = YES;
				CLANG_WARN_RANGE_LOOP_ANALYSIS = YES;
				CLANG_WARN_STRICT_PROTOTYPES = YES;
				CLANG_WARN_SUSPICIOUS_MOVE = YES;
				CLANG_WARN_UNGUARDED_AVAILABILITY = YES_AGGRESSIVE;
				CLANG_WARN_UNREACHABLE_CODE = YES;
				CLANG_WARN__DUPLICATE_METHOD_MATCH = YES;
				CODE_SIGN_ENTITLEMENTS = PasteGo/PasteGo.entitlements;
				COPY_PHASE_STRIP = NO;
				CURRENT_PROJECT_VERSION = 1;
				DEBUG_INFORMATION_FORMAT = dwarf;
				ENABLE_HARDENED_RUNTIME = YES;
				ENABLE_STRICT_OBJC_MSGSEND = YES;
				ENABLE_TESTABILITY = YES;
				GCC_C_LANGUAGE_STANDARD = gnu11;
				GCC_DYNAMIC_NO_PIC = NO;
				GCC_NO_COMMON_BLOCKS = YES;
				GCC_OPTIMIZATION_LEVEL = 0;
				GCC_PREPROCESSOR_DEFINITIONS = (
					"$(inherited)",
					"DEBUG=1",
				);
				GCC_WARN_64_TO_32_BIT_CONVERSION = YES;
				GCC_WARN_ABOUT_RETURN_TYPE = YES_ERROR;
				GCC_WARN_UNDECLARED_SELECTOR = YES;
				GCC_WARN_UNINITIALIZED_AUTOS = YES_AGGRESSIVE;
				GCC_WARN_UNUSED_FUNCTION = YES;
				GCC_WARN_UNUSED_VARIABLE = YES;
				INFOPLIST_FILE = PasteGo/Info.plist;
				INFOPLIST_KEY_LSUIElement = YES;
				MACOSX_DEPLOYMENT_TARGET = 14.0;
				MARKETING_VERSION = 1.0.0;
				MTL_ENABLE_DEBUG_INFO = INCLUDE_SOURCE;
				MTL_FAST_MATH = YES;
				ONLY_ACTIVE_ARCH = YES;
				PRODUCT_BUNDLE_IDENTIFIER = com.pastego.dev;
				PRODUCT_NAME = "$(TARGET_NAME)";
				SDKROOT = macosx;
				SWIFT_ACTIVE_COMPILATION_CONDITIONS = DEBUG;
				SWIFT_OPTIMIZATION_LEVEL = "-Onone";
				SWIFT_VERSION = 5.10;
			};
			name = Debug;
		};
		703497B09D0C0D98A158AF54 /* Release */ = {
			isa = XCBuildConfiguration;
			buildSettings = {
				ALWAYS_SEARCH_USER_PATHS = NO;
				CLANG_ANALYZER_NONNULL = YES;
				CLANG_ANALYZER_NUMBER_OBJECT_CONVERSION = YES_AGGRESSIVE;
				CLANG_CXX_LANGUAGE_STANDARD = "gnu++14";
				CLANG_CXX_LIBRARY = "libc++";
				CLANG_ENABLE_MODULES = YES;
				CLANG_ENABLE_OBJC_ARC = YES;
				CLANG_ENABLE_OBJC_WEAK = YES;
				CLANG_WARN_BLOCK_CAPTURE_AUTORELEASING = YES;
				CLANG_WARN_BOOL_CONVERSION = YES;
				CLANG_WARN_COMMA = YES;
				CLANG_WARN_CONSTANT_CONVERSION = YES;
				CLANG_WARN_DEPRECATED_OBJC_IMPLEMENTATIONS = YES;
				CLANG_WARN_DIRECT_OBJC_ISA_USAGE = YES_ERROR;
				CLANG_WARN_DOCUMENTATION_COMMENTS = YES;
				CLANG_WARN_EMPTY_BODY = YES;
				CLANG_WARN_ENUM_CONVERSION = YES;
				CLANG_WARN_INFINITE_RECURSION = YES;
				CLANG_WARN_INT_CONVERSION = YES;
				CLANG_WARN_NON_LITERAL_NULL_CONVERSION = YES;
				CLANG_WARN_OBJC_IMPLICIT_RETAIN_SELF = YES;
				CLANG_WARN_OBJC_LITERAL_CONVERSION = YES;
				CLANG_WARN_OBJC_ROOT_CLASS = YES_ERROR;
				CLANG_WARN_QUOTED_INCLUDE_IN_FRAMEWORK_HEADER = YES;
				CLANG_WARN_RANGE_LOOP_ANALYSIS = YES;
				CLANG_WARN_STRICT_PROTOTYPES = YES;
				CLANG_WARN_SUSPICIOUS_MOVE = YES;
				CLANG_WARN_UNGUARDED_AVAILABILITY = YES_AGGRESSIVE;
				CLANG_WARN_UNREACHABLE_CODE = YES;
				CLANG_WARN__DUPLICATE_METHOD_MATCH = YES;
				CODE_SIGN_ENTITLEMENTS = PasteGo/PasteGo.entitlements;
				COPY_PHASE_STRIP = NO;
				CURRENT_PROJECT_VERSION = 1;
				DEBUG_INFORMATION_FORMAT = "dwarf-with-dsym";
				ENABLE_HARDENED_RUNTIME = YES;
				ENABLE_NS_ASSERTIONS = NO;
				ENABLE_STRICT_OBJC_MSGSEND = YES;
				GCC_C_LANGUAGE_STANDARD = gnu11;
				GCC_NO_COMMON_BLOCKS = YES;
				GCC_WARN_64_TO_32_BIT_CONVERSION = YES;
				GCC_WARN_ABOUT_RETURN_TYPE = YES_ERROR;
				GCC_WARN_UNDECLARED_SELECTOR = YES;
				GCC_WARN_UNINITIALIZED_AUTOS = YES_AGGRESSIVE;
				GCC_WARN_UNUSED_FUNCTION = YES;
				GCC_WARN_UNUSED_VARIABLE = YES;
				INFOPLIST_FILE = PasteGo/Info.plist;
				INFOPLIST_KEY_LSUIElement = YES;
				MACOSX_DEPLOYMENT_TARGET = 14.0;
				MARKETING_VERSION = 1.0.0;
				MTL_ENABLE_DEBUG_INFO = NO;
				MTL_FAST_MATH = YES;
				PRODUCT_BUNDLE_IDENTIFIER = com.pastego.dev;
				PRODUCT_NAME = "$(TARGET_NAME)";
				SDKROOT = macosx;
				SWIFT_COMPILATION_MODE = wholemodule;
				SWIFT_OPTIMIZATION_LEVEL = "-O";
				SWIFT_VERSION = 5.10;
			};
			name = Release;
		};
		C0F5AD03598A603A735DD1C9 /* Debug */ = {
			isa = XCBuildConfiguration;
			buildSettings = {
				ASSETCATALOG_COMPILER_APPICON_NAME = AppIcon;
				CODE_SIGN_ENTITLEMENTS = PasteGo/PasteGo.entitlements;
				COMBINE_HIDPI_IMAGES = YES;
				GENERATE_INFOPLIST_FILE = NO;
				INFOPLIST_FILE = PasteGo/Info.plist;
				LD_RUNPATH_SEARCH_PATHS = (
					"$(inherited)",
					"@executable_path/../Frameworks",
				);
				PRODUCT_NAME = PasteGo;
				SDKROOT = macosx;
			};
			name = Debug;
		};
/* End XCBuildConfiguration section */

/* Begin XCConfigurationList section */
		6EDE724E9F6FC28A56A34F8B /* Build configuration list for PBXNativeTarget "PasteGo" */ = {
			isa = XCConfigurationList;
			buildConfigurations = (
				C0F5AD03598A603A735DD1C9 /* Debug */,
				453FA7996B9ED12A570F172B /* Release */,
			);
			defaultConfigurationIsVisible = 0;
			defaultConfigurationName = Debug;
		};
		C56A63A65C50CF965F2C1FE7 /* Build configuration list for PBXProject "PasteGo" */ = {
			isa = XCConfigurationList;
			buildConfigurations = (
				5502BA6AF2197856CF774DC2 /* Debug */,
				703497B09D0C0D98A158AF54 /* Release */,
			);
			defaultConfigurationIsVisible = 0;
			defaultConfigurationName = Debug;
		};
/* End XCConfigurationList section */

/* Begin XCRemoteSwiftPackageReference section */
		0FA25E80DE39BF564731EF5F /* XCRemoteSwiftPackageReference "GRDB.swift" */ = {
			isa = XCRemoteSwiftPackageReference;
			repositoryURL = "https://github.com/groue/GRDB.swift.git";
			requirement = {
				kind = upToNextMajorVersion;
				minimumVersion = 7.0.0;
			};
		};
		9088EF078591F417D4A5EA86 /* XCRemoteSwiftPackageReference "swift-markdown-ui" */ = {
			isa = XCRemoteSwiftPackageReference;
			repositoryURL = "https://github.com/gonzalezreal/swift-markdown-ui.git";
			requirement = {
				kind = upToNextMajorVersion;
				minimumVersion = 2.4.0;
			};
		};
		9D96C714092692D83C1E5053 /* XCRemoteSwiftPackageReference "KeyboardShortcuts" */ = {
			isa = XCRemoteSwiftPackageReference;
			repositoryURL = "https://github.com/sindresorhus/KeyboardShortcuts.git";
			requirement = {
				kind = upToNextMajorVersion;
				minimumVersion = 2.0.0;
			};
		};
		C8859521997961A0D4FFF5C0 /* XCRemoteSwiftPackageReference "HotKey" */ = {
			isa = XCRemoteSwiftPackageReference;
			repositoryURL = "https://github.com/soffes/HotKey.git";
			requirement = {
				kind = upToNextMajorVersion;
				minimumVersion = 0.2.1;
			};
		};
/* End XCRemoteSwiftPackageReference section */

/* Begin XCSwiftPackageProductDependency section */
		7F5F078766DAB47A0BDFB6FD /* HotKey */ = {
			isa = XCSwiftPackageProductDependency;
			package = C8859521997961A0D4FFF5C0 /* XCRemoteSwiftPackageReference "HotKey" */;
			productName = HotKey;
		};
		8AB17777934C545CA1D73FB1 /* KeyboardShortcuts */ = {
			isa = XCSwiftPackageProductDependency;
			package = 9D96C714092692D83C1E5053 /* XCRemoteSwiftPackageReference "KeyboardShortcuts" */;
			productName = KeyboardShortcuts;
		};
		E842860F2C3E4843F60BB9CD /* MarkdownUI */ = {
			isa = XCSwiftPackageProductDependency;
			package = 9088EF078591F417D4A5EA86 /* XCRemoteSwiftPackageReference "swift-markdown-ui" */;
			productName = MarkdownUI;
		};
		EDB05E29E821F2402C391A41 /* GRDB */ = {
			isa = XCSwiftPackageProductDependency;
			package = 0FA25E80DE39BF564731EF5F /* XCRemoteSwiftPackageReference "GRDB.swift" */;
			productName = GRDB;
		};
/* End XCSwiftPackageProductDependency section */
	};
	rootObject = C40A0F4AE9897450E568056B /* Project object */;
}
